// !$*UTF8*$!
{
	archiveVersion = 1;
	classes = {
	};
	objectVersion = 52;
	objects = {

/* Begin PBXBuildFile section */
		397235902540F06E00962ACF /* main.swift in Sources */ = {isa = PBXBuildFile; fileRef = 3972358F2540F06E00962ACF /* main.swift */; };
		397235992540F0C800962ACF /* ArgumentParser in Frameworks */ = {isa = PBXBuildFile; productRef = 397235982540F0C800962ACF /* ArgumentParser */; };
		3972359C2540F39200962ACF /* build.swift in Sources */ = {isa = PBXBuildFile; fileRef = 3972359B2540F39200962ACF /* build.swift */; };
		3972359F2540F3B200962ACF /* deploy.swift in Sources */ = {isa = PBXBuildFile; fileRef = 3972359E2540F3B200962ACF /* deploy.swift */; };
		397235B125437A4800962ACF /* ShellOut in Frameworks */ = {isa = PBXBuildFile; productRef = 397235B025437A4800962ACF /* ShellOut */; };
		397235B52543985600962ACF /* Package.swift in Sources */ = {isa = PBXBuildFile; fileRef = 397235B42543985600962ACF /* Package.swift */; };
		397235B825446BD700962ACF /* Terminal.swift in Sources */ = {isa = PBXBuildFile; fileRef = 397235B725446BD700962ACF /* Terminal.swift */; };
		397235BB25446E2300962ACF /* AWS.swift in Sources */ = {isa = PBXBuildFile; fileRef = 397235BA25446E2300962ACF /* AWS.swift */; };
		397235BE254471FD00962ACF /* new.swift in Sources */ = {isa = PBXBuildFile; fileRef = 397235BD254471FD00962ACF /* new.swift */; };
/* End PBXBuildFile section */

/* Begin PBXCopyFilesBuildPhase section */
		3972358A2540F06E00962ACF /* CopyFiles */ = {
			isa = PBXCopyFilesBuildPhase;
			buildActionMask = 2147483647;
			dstPath = /usr/share/man/man1/;
			dstSubfolderSpec = 0;
			files = (
			);
			runOnlyForDeploymentPostprocessing = 1;
		};
/* End PBXCopyFilesBuildPhase section */

/* Begin PBXFileReference section */
		3972358C2540F06E00962ACF /* swiftlambda */ = {isa = PBXFileReference; explicitFileType = "compiled.mach-o.executable"; includeInIndex = 0; path = swiftlambda; sourceTree = BUILT_PRODUCTS_DIR; };
		3972358F2540F06E00962ACF /* main.swift */ = {isa = PBXFileReference; lastKnownFileType = sourcecode.swift; path = main.swift; sourceTree = "<group>"; };
		3972359B2540F39200962ACF /* build.swift */ = {isa = PBXFileReference; lastKnownFileType = sourcecode.swift; path = build.swift; sourceTree = "<group>"; };
		3972359E2540F3B200962ACF /* deploy.swift */ = {isa = PBXFileReference; lastKnownFileType = sourcecode.swift; path = deploy.swift; sourceTree = "<group>"; };
		397235B42543985600962ACF /* Package.swift */ = {isa = PBXFileReference; lastKnownFileType = sourcecode.swift; path = Package.swift; sourceTree = "<group>"; };
		397235B725446BD700962ACF /* Terminal.swift */ = {isa = PBXFileReference; lastKnownFileType = sourcecode.swift; path = Terminal.swift; sourceTree = "<group>"; };
		397235BA25446E2300962ACF /* AWS.swift */ = {isa = PBXFileReference; lastKnownFileType = sourcecode.swift; path = AWS.swift; sourceTree = "<group>"; };
		397235BD254471FD00962ACF /* new.swift */ = {isa = PBXFileReference; lastKnownFileType = sourcecode.swift; path = new.swift; sourceTree = "<group>"; };
/* End PBXFileReference section */

/* Begin PBXFrameworksBuildPhase section */
		397235892540F06E00962ACF /* Frameworks */ = {
			isa = PBXFrameworksBuildPhase;
			buildActionMask = 2147483647;
			files = (
				397235B125437A4800962ACF /* ShellOut in Frameworks */,
				397235992540F0C800962ACF /* ArgumentParser in Frameworks */,
			);
			runOnlyForDeploymentPostprocessing = 0;
		};
/* End PBXFrameworksBuildPhase section */

/* Begin PBXGroup section */
		397235832540F06E00962ACF = {
			isa = PBXGroup;
			children = (
				3972358E2540F06E00962ACF /* swiftlambda */,
				3972358D2540F06E00962ACF /* Products */,
			);
			sourceTree = "<group>";
		};
		3972358D2540F06E00962ACF /* Products */ = {
			isa = PBXGroup;
			children = (
				3972358C2540F06E00962ACF /* swiftlambda */,
			);
			name = Products;
			sourceTree = "<group>";
		};
		3972358E2540F06E00962ACF /* swiftlambda */ = {
			isa = PBXGroup;
			children = (
				3972358F2540F06E00962ACF /* main.swift */,
				397235BD254471FD00962ACF /* new.swift */,
				3972359B2540F39200962ACF /* build.swift */,
				3972359E2540F3B200962ACF /* deploy.swift */,
				397235B32543984400962ACF /* Utils */,
			);
			path = swiftlambda;
			sourceTree = "<group>";
		};
		397235B32543984400962ACF /* Utils */ = {
			isa = PBXGroup;
			children = (
				397235B42543985600962ACF /* Package.swift */,
				397235B725446BD700962ACF /* Terminal.swift */,
				397235BA25446E2300962ACF /* AWS.swift */,
			);
			path = Utils;
			sourceTree = "<group>";
		};
/* End PBXGroup section */

/* Begin PBXNativeTarget section */
		3972358B2540F06E00962ACF /* swiftlambda */ = {
			isa = PBXNativeTarget;
			buildConfigurationList = 397235932540F06E00962ACF /* Build configuration list for PBXNativeTarget "swiftlambda" */;
			buildPhases = (
				397235882540F06E00962ACF /* Sources */,
				397235892540F06E00962ACF /* Frameworks */,
				3972358A2540F06E00962ACF /* CopyFiles */,
			);
			buildRules = (
			);
			dependencies = (
			);
			name = swiftlambda;
			packageProductDependencies = (
				397235982540F0C800962ACF /* ArgumentParser */,
				397235B025437A4800962ACF /* ShellOut */,
			);
			productName = swiftlambda;
			productReference = 3972358C2540F06E00962ACF /* swiftlambda */;
			productType = "com.apple.product-type.tool";
		};
/* End PBXNativeTarget section */

/* Begin PBXProject section */
		397235842540F06E00962ACF /* Project object */ = {
			isa = PBXProject;
			attributes = {
				LastSwiftUpdateCheck = 1220;
				LastUpgradeCheck = 1220;
				TargetAttributes = {
					3972358B2540F06E00962ACF = {
						CreatedOnToolsVersion = 12.2;
					};
				};
			};
			buildConfigurationList = 397235872540F06E00962ACF /* Build configuration list for PBXProject "swiftlambda" */;
			compatibilityVersion = "Xcode 9.3";
			developmentRegion = en;
			hasScannedForEncodings = 0;
			knownRegions = (
				en,
				Base,
			);
			mainGroup = 397235832540F06E00962ACF;
			packageReferences = (
				397235972540F0C800962ACF /* XCRemoteSwiftPackageReference "swift-argument-parser" */,
				397235AF25437A4800962ACF /* XCRemoteSwiftPackageReference "ShellOut" */,
			);
			productRefGroup = 3972358D2540F06E00962ACF /* Products */;
			projectDirPath = "";
			projectRoot = "";
			targets = (
				3972358B2540F06E00962ACF /* swiftlambda */,
			);
		};
/* End PBXProject section */

/* Begin PBXSourcesBuildPhase section */
		397235882540F06E00962ACF /* Sources */ = {
			isa = PBXSourcesBuildPhase;
			buildActionMask = 2147483647;
			files = (
				397235B52543985600962ACF /* Package.swift in Sources */,
				397235B825446BD700962ACF /* Terminal.swift in Sources */,
				3972359C2540F39200962ACF /* build.swift in Sources */,
				397235BB25446E2300962ACF /* AWS.swift in Sources */,
				397235BE254471FD00962ACF /* new.swift in Sources */,
				3972359F2540F3B200962ACF /* deploy.swift in Sources */,
				397235902540F06E00962ACF /* main.swift in Sources */,
			);
			runOnlyForDeploymentPostprocessing = 0;
		};
/* End PBXSourcesBuildPhase section */

/* Begin XCBuildConfiguration section */
		397235912540F06E00962ACF /* Debug */ = {
			isa = XCBuildConfiguration;
			buildSettings = {
				ALWAYS_SEARCH_USER_PATHS = NO;
				CLANG_ANALYZER_NONNULL = YES;
				CLANG_ANALYZER_NUMBER_OBJECT_CONVERSION = YES_AGGRESSIVE;
				CLANG_CXX_LANGUAGE_STANDARD = "gnu++14";
				CLANG_CXX_LIBRARY = "libc++";
				CLANG_ENABLE_MODULES = YES;
				CLANG_ENABLE_OBJC_ARC = YES;
				CLANG_ENABLE_OBJC_WEAK = YES;
				CLANG_WARN_BLOCK_CAPTURE_AUTORELEASING = YES;
				CLANG_WARN_BOOL_CONVERSION = YES;
				CLANG_WARN_COMMA = YES;
				CLANG_WARN_CONSTANT_CONVERSION = YES;
				CLANG_WARN_DEPRECATED_OBJC_IMPLEMENTATIONS = YES;
				CLANG_WARN_DIRECT_OBJC_ISA_USAGE = YES_ERROR;
				CLANG_WARN_DOCUMENTATION_COMMENTS = YES;
				CLANG_WARN_EMPTY_BODY = YES;
				CLANG_WARN_ENUM_CONVERSION = YES;
				CLANG_WARN_INFINITE_RECURSION = YES;
				CLANG_WARN_INT_CONVERSION = YES;
				CLANG_WARN_NON_LITERAL_NULL_CONVERSION = YES;
				CLANG_WARN_OBJC_IMPLICIT_RETAIN_SELF = YES;
				CLANG_WARN_OBJC_LITERAL_CONVERSION = YES;
				CLANG_WARN_OBJC_ROOT_CLASS = YES_ERROR;
				CLANG_WARN_QUOTED_INCLUDE_IN_FRAMEWORK_HEADER = YES;
				CLANG_WARN_RANGE_LOOP_ANALYSIS = YES;
				CLANG_WARN_STRICT_PROTOTYPES = YES;
				CLANG_WARN_SUSPICIOUS_MOVE = YES;
				CLANG_WARN_UNGUARDED_AVAILABILITY = YES_AGGRESSIVE;
				CLANG_WARN_UNREACHABLE_CODE = YES;
				CLANG_WARN__DUPLICATE_METHOD_MATCH = YES;
				COPY_PHASE_STRIP = NO;
				DEBUG_INFORMATION_FORMAT = dwarf;
				ENABLE_STRICT_OBJC_MSGSEND = YES;
				ENABLE_TESTABILITY = YES;
				GCC_C_LANGUAGE_STANDARD = gnu11;
				GCC_DYNAMIC_NO_PIC = NO;
				GCC_NO_COMMON_BLOCKS = YES;
				GCC_OPTIMIZATION_LEVEL = 0;
				GCC_PREPROCESSOR_DEFINITIONS = (
					"DEBUG=1",
					"$(inherited)",
				);
				GCC_WARN_64_TO_32_BIT_CONVERSION = YES;
				GCC_WARN_ABOUT_RETURN_TYPE = YES_ERROR;
				GCC_WARN_UNDECLARED_SELECTOR = YES;
				GCC_WARN_UNINITIALIZED_AUTOS = YES_AGGRESSIVE;
				GCC_WARN_UNUSED_FUNCTION = YES;
				GCC_WARN_UNUSED_VARIABLE = YES;
				MACOSX_DEPLOYMENT_TARGET = 11.0;
				MTL_ENABLE_DEBUG_INFO = INCLUDE_SOURCE;
				MTL_FAST_MATH = YES;
				ONLY_ACTIVE_ARCH = YES;
				SDKROOT = macosx;
				SWIFT_ACTIVE_COMPILATION_CONDITIONS = DEBUG;
				SWIFT_OPTIMIZATION_LEVEL = "-Onone";
			};
			name = Debug;
		};
		397235922540F06E00962ACF /* Release */ = {
			isa = XCBuildConfiguration;
			buildSettings = {
				ALWAYS_SEARCH_USER_PATHS = NO;
				CLANG_ANALYZER_NONNULL = YES;
				CLANG_ANALYZER_NUMBER_OBJECT_CONVERSION = YES_AGGRESSIVE;
				CLANG_CXX_LANGUAGE_STANDARD = "gnu++14";
				CLANG_CXX_LIBRARY = "libc++";
				CLANG_ENABLE_MODULES = YES;
				CLANG_ENABLE_OBJC_ARC = YES;
				CLANG_ENABLE_OBJC_WEAK = YES;
				CLANG_WARN_BLOCK_CAPTURE_AUTORELEASING = YES;
				CLANG_WARN_BOOL_CONVERSION = YES;
				CLANG_WARN_COMMA = YES;
				CLANG_WARN_CONSTANT_CONVERSION = YES;
				CLANG_WARN_DEPRECATED_OBJC_IMPLEMENTATIONS = YES;
				CLANG_WARN_DIRECT_OBJC_ISA_USAGE = YES_ERROR;
				CLANG_WARN_DOCUMENTATION_COMMENTS = YES;
				CLANG_WARN_EMPTY_BODY = YES;
				CLANG_WARN_ENUM_CONVERSION = YES;
				CLANG_WARN_INFINITE_RECURSION = YES;
				CLANG_WARN_INT_CONVERSION = YES;
				CLANG_WARN_NON_LITERAL_NULL_CONVERSION = YES;
				CLANG_WARN_OBJC_IMPLICIT_RETAIN_SELF = YES;
				CLANG_WARN_OBJC_LITERAL_CONVERSION = YES;
				CLANG_WARN_OBJC_ROOT_CLASS = YES_ERROR;
				CLANG_WARN_QUOTED_INCLUDE_IN_FRAMEWORK_HEADER = YES;
				CLANG_WARN_RANGE_LOOP_ANALYSIS = YES;
				CLANG_WARN_STRICT_PROTOTYPES = YES;
				CLANG_WARN_SUSPICIOUS_MOVE = YES;
				CLANG_WARN_UNGUARDED_AVAILABILITY = YES_AGGRESSIVE;
				CLANG_WARN_UNREACHABLE_CODE = YES;
				CLANG_WARN__DUPLICATE_METHOD_MATCH = YES;
				COPY_PHASE_STRIP = NO;
				DEBUG_INFORMATION_FORMAT = "dwarf-with-dsym";
				ENABLE_NS_ASSERTIONS = NO;
				ENABLE_STRICT_OBJC_MSGSEND = YES;
				GCC_C_LANGUAGE_STANDARD = gnu11;
				GCC_NO_COMMON_BLOCKS = YES;
				GCC_WARN_64_TO_32_BIT_CONVERSION = YES;
				GCC_WARN_ABOUT_RETURN_TYPE = YES_ERROR;
				GCC_WARN_UNDECLARED_SELECTOR = YES;
				GCC_WARN_UNINITIALIZED_AUTOS = YES_AGGRESSIVE;
				GCC_WARN_UNUSED_FUNCTION = YES;
				GCC_WARN_UNUSED_VARIABLE = YES;
				MACOSX_DEPLOYMENT_TARGET = 11.0;
				MTL_ENABLE_DEBUG_INFO = NO;
				MTL_FAST_MATH = YES;
				SDKROOT = macosx;
				SWIFT_COMPILATION_MODE = wholemodule;
				SWIFT_OPTIMIZATION_LEVEL = "-O";
			};
			name = Release;
		};
		397235942540F06E00962ACF /* Debug */ = {
			isa = XCBuildConfiguration;
			buildSettings = {
				CODE_SIGN_STYLE = Automatic;
				DEVELOPMENT_TEAM = "";
				ENABLE_HARDENED_RUNTIME = YES;
				PRODUCT_NAME = "$(TARGET_NAME)";
				SWIFT_VERSION = 5.0;
			};
			name = Debug;
		};
		397235952540F06E00962ACF /* Release */ = {
			isa = XCBuildConfiguration;
			buildSettings = {
				CODE_SIGN_STYLE = Automatic;
				DEVELOPMENT_TEAM = "";
				ENABLE_HARDENED_RUNTIME = YES;
				PRODUCT_NAME = "$(TARGET_NAME)";
				SWIFT_VERSION = 5.0;
			};
			name = Release;
		};
/* End XCBuildConfiguration section */

/* Begin XCConfigurationList section */
		397235872540F06E00962ACF /* Build configuration list for PBXProject "swiftlambda" */ = {
			isa = XCConfigurationList;
			buildConfigurations = (
				397235912540F06E00962ACF /* Debug */,
				397235922540F06E00962ACF /* Release */,
			);
			defaultConfigurationIsVisible = 0;
			defaultConfigurationName = Release;
		};
		397235932540F06E00962ACF /* Build configuration list for PBXNativeTarget "swiftlambda" */ = {
			isa = XCConfigurationList;
			buildConfigurations = (
				397235942540F06E00962ACF /* Debug */,
				397235952540F06E00962ACF /* Release */,
			);
			defaultConfigurationIsVisible = 0;
			defaultConfigurationName = Release;
		};
/* End XCConfigurationList section */

/* Begin XCRemoteSwiftPackageReference section */
		397235972540F0C800962ACF /* XCRemoteSwiftPackageReference "swift-argument-parser" */ = {
			isa = XCRemoteSwiftPackageReference;
			repositoryURL = "https://github.com/apple/swift-argument-parser";
			requirement = {
				kind = upToNextMajorVersion;
				minimumVersion = 0.3.1;
			};
		};
		397235AF25437A4800962ACF /* XCRemoteSwiftPackageReference "ShellOut" */ = {
			isa = XCRemoteSwiftPackageReference;
			repositoryURL = "https://github.com/JohnSundell/ShellOut";
			requirement = {
				kind = upToNextMajorVersion;
				minimumVersion = 2.3.0;
			};
		};
/* End XCRemoteSwiftPackageReference section */

/* Begin XCSwiftPackageProductDependency section */
		397235982540F0C800962ACF /* ArgumentParser */ = {
			isa = XCSwiftPackageProductDependency;
			package = 397235972540F0C800962ACF /* XCRemoteSwiftPackageReference "swift-argument-parser" */;
			productName = ArgumentParser;
		};
		397235B025437A4800962ACF /* ShellOut */ = {
			isa = XCSwiftPackageProductDependency;
			package = 397235AF25437A4800962ACF /* XCRemoteSwiftPackageReference "ShellOut" */;
			productName = ShellOut;
		};
/* End XCSwiftPackageProductDependency section */
	};
	rootObject = 397235842540F06E00962ACF /* Project object */;
}
